
Microsoft Visual Studio Solution File, Format Version 12.00
# Visual Studio Version 16
VisualStudioVersion = 16.0.33130.400
MinimumVisualStudioVersion = 10.0.40219.1
Project("{FAE04EC0-301F-11D3-BF4B-00C04F79EFBC}") = "WebSistemas", "WebSistemas\WebSistemas.csproj", "{9B8D77E0-A048-4F4C-9185-A2A1A1FCAE9D}"
EndProject
Global
	GlobalSection(SolutionConfigurationPlatforms) = preSolution
		Debug|Any CPU = Debug|Any CPU
		Release|Any CPU = Release|Any CPU
	EndGlobalSection
	GlobalSection(ProjectConfigurationPlatforms) = postSolution
		{9B8D77E0-A048-4F4C-9185-A2A1A1FCAE9D}.Debug|Any CPU.ActiveCfg = Debug|Any CPU
		{9B8D77E0-A048-4F4C-9185-A2A1A1FCAE9D}.Debug|Any CPU.Build.0 = Debug|Any CPU
		{9B8D77E0-A048-4F4C-9185-A2A1A1FCAE9D}.Release|Any CPU.ActiveCfg = Release|Any CPU
		{9B8D77E0-A048-4F4C-9185-A2A1A1FCAE9D}.Release|Any CPU.Build.0 = Release|Any CPU
	EndGlobalSection
	GlobalSection(SolutionProperties) = preSolution
		HideSolutionNode = FALSE
	EndGlobalSection
	GlobalSection(ExtensibilityGlobals) = postSolution
		SolutionGuid = {36DA6AA1-6D66-41F7-927B-CB8E0AD0CD4F}
	EndGlobalSection
EndGlobal
